
Microsoft Visual Studio Solution File, Format Version 12.00
# Visual Studio Version 16
VisualStudioVersion = 16.0.29911.84
MinimumVisualStudioVersion = 10.0.40219.1
Project("{9A19103F-16F7-4668-BE54-9A1E7A4F7556}") = "Pilas", "Pilas\Pilas.csproj", "{80FD2D09-BB7E-4A0B-AFBE-96C7806C73E5}"
EndProject
Global
	GlobalSection(SolutionConfigurationPlatforms) = preSolution
		Debug|Any CPU = Debug|Any CPU
		Release|Any CPU = Release|Any CPU
	EndGlobalSection
	GlobalSection(ProjectConfigurationPlatforms) = postSolution
		{80FD2D09-BB7E-4A0B-AFBE-96C7806C73E5}.Debug|Any CPU.ActiveCfg = Debug|Any CPU
		{80FD2D09-BB7E-4A0B-AFBE-96C7806C73E5}.Debug|Any CPU.Build.0 = Debug|Any CPU
		{80FD2D09-BB7E-4A0B-AFBE-96C7806C73E5}.Release|Any CPU.ActiveCfg = Release|Any CPU
		{80FD2D09-BB7E-4A0B-AFBE-96C7806C73E5}.Release|Any CPU.Build.0 = Release|Any CPU
	EndGlobalSection
	GlobalSection(SolutionProperties) = preSolution
		HideSolutionNode = FALSE
	EndGlobalSection
	GlobalSection(ExtensibilityGlobals) = postSolution
		SolutionGuid = {B96C02AF-714C-4D3D-BE94-376FF783188E}
	EndGlobalSection
EndGlobal
